
Microsoft Visual Studio Solution File, Format Version 12.00
# Visual Studio 15
VisualStudioVersion = 15.0.28010.2003
MinimumVisualStudioVersion = 10.0.40219.1
Project("{FAE04EC0-301F-11D3-BF4B-00C04F79EFBC}") = "MT4Ext", "MT4Ext\MT4Ext.csproj", "{C15FAD13-3049-4D07-B68C-259F85AF0C56}"
EndProject
Global
	GlobalSection(SolutionConfigurationPlatforms) = preSolution
		Debug|Any CPU = Debug|Any CPU
		Release|Any CPU = Release|Any CPU
	EndGlobalSection
	GlobalSection(ProjectConfigurationPlatforms) = postSolution
		{C15FAD13-3049-4D07-B68C-259F85AF0C56}.Debug|Any CPU.ActiveCfg = Debug|Any CPU
		{C15FAD13-3049-4D07-B68C-259F85AF0C56}.Debug|Any CPU.Build.0 = Debug|Any CPU
		{C15FAD13-3049-4D07-B68C-259F85AF0C56}.Release|Any CPU.ActiveCfg = Release|Any CPU
		{C15FAD13-3049-4D07-B68C-259F85AF0C56}.Release|Any CPU.Build.0 = Release|Any CPU
	EndGlobalSection
	GlobalSection(SolutionProperties) = preSolution
		HideSolutionNode = FALSE
	EndGlobalSection
	GlobalSection(ExtensibilityGlobals) = postSolution
		SolutionGuid = {2FEF4A1D-552A-4179-A7CF-6885A5B57078}
	EndGlobalSection
EndGlobal
